
Microsoft Visual Studio Solution File, Format Version 12.00
# Visual Studio Version 16
VisualStudioVersion = 16.0.31410.357
MinimumVisualStudioVersion = 10.0.40219.1
Project("{FAE04EC0-301F-11D3-BF4B-00C04F79EFBC}") = "ADOBoardColumnAging", "ADOBoardColumnAging\ADOBoardColumnAging.csproj", "{3CF697F3-267E-41B8-97A3-1555A00363CC}"
EndProject
Project("{FAE04EC0-301F-11D3-BF4B-00C04F79EFBC}") = "ExcelController", "ExcelController\ExcelController.csproj", "{4EA9D6EB-CB76-4027-A4FC-EEBBE8DDAB44}"
EndProject
Project("{FAE04EC0-301F-11D3-BF4B-00C04F79EFBC}") = "AzDOController", "AzDOController\AzDOController.csproj", "{3D0A0D14-C78C-4416-90DA-5C96C4150A0B}"
EndProject
Global
	GlobalSection(SolutionConfigurationPlatforms) = preSolution
		Debug|Any CPU = Debug|Any CPU
		Release|Any CPU = Release|Any CPU
	EndGlobalSection
	GlobalSection(ProjectConfigurationPlatforms) = postSolution
		{3CF697F3-267E-41B8-97A3-1555A00363CC}.Debug|Any CPU.ActiveCfg = Debug|Any CPU
		{3CF697F3-267E-41B8-97A3-1555A00363CC}.Debug|Any CPU.Build.0 = Debug|Any CPU
		{3CF697F3-267E-41B8-97A3-1555A00363CC}.Release|Any CPU.ActiveCfg = Release|Any CPU
		{3CF697F3-267E-41B8-97A3-1555A00363CC}.Release|Any CPU.Build.0 = Release|Any CPU
		{4EA9D6EB-CB76-4027-A4FC-EEBBE8DDAB44}.Debug|Any CPU.ActiveCfg = Debug|Any CPU
		{4EA9D6EB-CB76-4027-A4FC-EEBBE8DDAB44}.Debug|Any CPU.Build.0 = Debug|Any CPU
		{4EA9D6EB-CB76-4027-A4FC-EEBBE8DDAB44}.Release|Any CPU.ActiveCfg = Release|Any CPU
		{4EA9D6EB-CB76-4027-A4FC-EEBBE8DDAB44}.Release|Any CPU.Build.0 = Release|Any CPU
		{3D0A0D14-C78C-4416-90DA-5C96C4150A0B}.Debug|Any CPU.ActiveCfg = Debug|Any CPU
		{3D0A0D14-C78C-4416-90DA-5C96C4150A0B}.Debug|Any CPU.Build.0 = Debug|Any CPU
		{3D0A0D14-C78C-4416-90DA-5C96C4150A0B}.Release|Any CPU.ActiveCfg = Release|Any CPU
		{3D0A0D14-C78C-4416-90DA-5C96C4150A0B}.Release|Any CPU.Build.0 = Release|Any CPU
	EndGlobalSection
	GlobalSection(SolutionProperties) = preSolution
		HideSolutionNode = FALSE
	EndGlobalSection
	GlobalSection(ExtensibilityGlobals) = postSolution
		SolutionGuid = {23487C68-4302-4FAD-99F9-AE25AC0BB173}
	EndGlobalSection
EndGlobal
